
Microsoft Visual Studio Solution File, Format Version 12.00
# Visual Studio Version 17
VisualStudioVersion = 17.12.35514.174 d17.12
MinimumVisualStudioVersion = 10.0.40219.1
Project("{FAE04EC0-301F-11D3-BF4B-00C04F79EFBC}") = "SurvayBasket.API", "SurvayBasket.API\SurvayBasket.API.csproj", "{1CAE91AE-3404-4C6F-AFB5-82848FA551F8}"
EndProject
Project("{FAE04EC0-301F-11D3-BF4B-00C04F79EFBC}") = "SurvayBasket.Domain", "SurvayBaske.Domain\SurvayBasket.Domain.csproj", "{5AA820CE-8CA4-412A-BA42-8C9EBD91A876}"
EndProject
Project("{FAE04EC0-301F-11D3-BF4B-00C04F79EFBC}") = "SurvayBasket.Application", "SurvayBaske.Application\SurvayBasket.Application.csproj", "{E5CC34A6-8D99-42C5-8CB2-B76C590459A5}"
EndProject
Project("{FAE04EC0-301F-11D3-BF4B-00C04F79EFBC}") = "SurvayBasket.Infrastructure", "SurvayBaske.Infrastructure\SurvayBasket.Infrastructure.csproj", "{F23D20DD-6B1D-4168-993C-8C6D6A858542}"
EndProject
Global
	GlobalSection(SolutionConfigurationPlatforms) = preSolution
		Debug|Any CPU = Debug|Any CPU
		Release|Any CPU = Release|Any CPU
	EndGlobalSection
	GlobalSection(ProjectConfigurationPlatforms) = postSolution
		{1CAE91AE-3404-4C6F-AFB5-82848FA551F8}.Debug|Any CPU.ActiveCfg = Debug|Any CPU
		{1CAE91AE-3404-4C6F-AFB5-82848FA551F8}.Debug|Any CPU.Build.0 = Debug|Any CPU
		{1CAE91AE-3404-4C6F-AFB5-82848FA551F8}.Release|Any CPU.ActiveCfg = Release|Any CPU
		{1CAE91AE-3404-4C6F-AFB5-82848FA551F8}.Release|Any CPU.Build.0 = Release|Any CPU
		{5AA820CE-8CA4-412A-BA42-8C9EBD91A876}.Debug|Any CPU.ActiveCfg = Debug|Any CPU
		{5AA820CE-8CA4-412A-BA42-8C9EBD91A876}.Debug|Any CPU.Build.0 = Debug|Any CPU
		{5AA820CE-8CA4-412A-BA42-8C9EBD91A876}.Release|Any CPU.ActiveCfg = Release|Any CPU
		{5AA820CE-8CA4-412A-BA42-8C9EBD91A876}.Release|Any CPU.Build.0 = Release|Any CPU
		{E5CC34A6-8D99-42C5-8CB2-B76C590459A5}.Debug|Any CPU.ActiveCfg = Debug|Any CPU
		{E5CC34A6-8D99-42C5-8CB2-B76C590459A5}.Debug|Any CPU.Build.0 = Debug|Any CPU
		{E5CC34A6-8D99-42C5-8CB2-B76C590459A5}.Release|Any CPU.ActiveCfg = Release|Any CPU
		{E5CC34A6-8D99-42C5-8CB2-B76C590459A5}.Release|Any CPU.Build.0 = Release|Any CPU
		{F23D20DD-6B1D-4168-993C-8C6D6A858542}.Debug|Any CPU.ActiveCfg = Debug|Any CPU
		{F23D20DD-6B1D-4168-993C-8C6D6A858542}.Debug|Any CPU.Build.0 = Debug|Any CPU
		{F23D20DD-6B1D-4168-993C-8C6D6A858542}.Release|Any CPU.ActiveCfg = Release|Any CPU
		{F23D20DD-6B1D-4168-993C-8C6D6A858542}.Release|Any CPU.Build.0 = Release|Any CPU
	EndGlobalSection
	GlobalSection(SolutionProperties) = preSolution
		HideSolutionNode = FALSE
	EndGlobalSection
EndGlobal
